<?xml version="1.0" encoding="utf-8"?>
<Project ToolsVersion="4.0" xmlns="http://schemas.microsoft.com/developer/msbuild/2003">
  <ItemGroup>
    <Filter Include="Source Files">
      <UniqueIdentifier>{4FC737F1-C7A5-4376-A066-2A32D752A2FF}</UniqueIdentifier>
      <Extensions>cpp;c;cc;cxx;def;odl;idl;hpj;bat;asm;asmx</Extensions>
    </Filter>
    <Filter Include="Header Files">
      <UniqueIdentifier>{93995380-89BD-4b04-88EB-625FBE52EBFB}</UniqueIdentifier>
      <Extensions>h;hpp;hxx;hm;inl;inc;xsd</Extensions>
    </Filter>
    <Filter Include="Resource Files">
      <UniqueIdentifier>{67DA6AB6-F800-4c08-8B7A-83BB121AAD01}</UniqueIdentifier>
      <Extensions>rc;ico;cur;bmp;dlg;rc2;rct;bin;rgs;gif;jpg;jpeg;jpe;resx;tiff;tif;png;wav;mfcribbon-ms</Extensions>
    </Filter>
    <Filter Include="Header Files\!external">
      <UniqueIdentifier>{72038f1a-548c-400f-a0f5-4b61fa6dc308}</UniqueIdentifier>
    </Filter>
    <Filter Include="Header Files\!external\pf">
      <UniqueIdentifier>{9ac2a60f-f6ec-4805-9812-14a3a3a37457}</UniqueIdentifier>
    </Filter>
    <Filter Include="Header Files\!external\pf\helpers">
      <UniqueIdentifier>{16f807a2-bcee-41f7-9f54-eba9aeff4e5b}</UniqueIdentifier>
    </Filter>
    <Filter Include="Header Files\!external\pf\chunks">
      <UniqueIdentifier>{099287d9-6ac9-4583-81a6-35dbf7437838}</UniqueIdentifier>
    </Filter>
    <Filter Include="Source Files\pf">
      <UniqueIdentifier>{5f3ac3e3-95a4-4c60-a4b0-c996abc3dab7}</UniqueIdentifier>
    </Filter>
    <Filter Include="Source Files\pf\chunks">
      <UniqueIdentifier>{ca1fa5cd-c1a8-40ce-babe-b069076c2f30}</UniqueIdentifier>
    </Filter>
    <Filter Include="Source Files\pf\helpers">
      <UniqueIdentifier>{83bf54f7-7309-4cf4-8b03-1b07608c2bb3}</UniqueIdentifier>
    </Filter>
    <Filter Include="Header Files\!external\pf\chunks\AMAT">
      <UniqueIdentifier>{9fbbaec7-8c14-4f44-83db-1bb46408b41d}</UniqueIdentifier>
    </Filter>
    <Filter Include="Header Files\!external\pf\chunks\eula">
      <UniqueIdentifier>{7c6bb592-e961-4bd9-9a4e-8bda69b17848}</UniqueIdentifier>
    </Filter>
    <Filter Include="Header Files\!external\pf\chunks\MODL">
      <UniqueIdentifier>{82c34941-444f-4a57-8794-3a6f8a8f09a2}</UniqueIdentifier>
    </Filter>
    <Filter Include="Source Files\pf\chunks\AMAT">
      <UniqueIdentifier>{49fa0a44-6852-49a1-95e7-850527d50f3a}</UniqueIdentifier>
    </Filter>
    <Filter Include="Source Files\pf\chunks\eula">
      <UniqueIdentifier>{cab50fb2-f65e-4495-b87a-4e8006e042db}</UniqueIdentifier>
    </Filter>
    <Filter Include="Source Files\pf\chunks\MODL">
      <UniqueIdentifier>{99d541e0-8c58-4700-a1f9-9c1b83b5455c}</UniqueIdentifier>
    </Filter>
    <Filter Include="Header Files\!external\pf\chunks\txtm">
      <UniqueIdentifier>{dbecd905-e55a-49c4-8952-12886ef7a08b}</UniqueIdentifier>
    </Filter>
    <Filter Include="Source Files\pf\chunks\txtm">
      <UniqueIdentifier>{ef972e57-e763-4714-8a39-c386ccb6ad3d}</UniqueIdentifier>
    </Filter>
    <Filter Include="Header Files\!external\pf\chunks\PIMG">
      <UniqueIdentifier>{761ef4ef-20a9-4088-9552-a0ea1aa2fe9b}</UniqueIdentifier>
    </Filter>
    <Filter Include="Source Files\pf\chunks\PIMG">
      <UniqueIdentifier>{40c36e3b-d73b-43e1-9645-a675a0728c61}</UniqueIdentifier>
    </Filter>
    <Filter Include="Header Files\!external\pf\chunks\ASND">
      <UniqueIdentifier>{c83b0079-1a07-4253-bc37-b3296d6fb8ec}</UniqueIdentifier>
    </Filter>
    <Filter Include="Source Files\pf\chunks\ASND">
      <UniqueIdentifier>{07662be2-ae71-4507-9728-74c89977c47d}</UniqueIdentifier>
    </Filter>
    <Filter Include="Header Files\!external\pf\chunks\ABNK">
      <UniqueIdentifier>{0f062fc8-cbee-4231-bf6d-1ceb5c19d92a}</UniqueIdentifier>
    </Filter>
    <Filter Include="Source Files\pf\chunks\ABNK">
      <UniqueIdentifier>{9d809697-a8f2-4a5e-8987-edb3b30962c1}</UniqueIdentifier>
    </Filter>
    <Filter Include="Header Files\!external\pf\chunks\hvkC">
      <UniqueIdentifier>{0913f5c8-812e-4d74-aeb5-00b834e65313}</UniqueIdentifier>
    </Filter>
    <Filter Include="Source Files\pf\chunks\hvkC">
      <UniqueIdentifier>{fddd7b09-aec6-46f0-be19-105c4e6d9a1c}</UniqueIdentifier>
    </Filter>
    <Filter Include="Header Files\!external\pf\chunks\ABIX">
      <UniqueIdentifier>{aa3e1929-a0c1-4db0-9b7f-143dced8d1b8}</UniqueIdentifier>
    </Filter>
    <Filter Include="Source Files\pf\chunks\ABIX">
      <UniqueIdentifier>{dd000bf9-4392-4fd6-b709-b4fc5e8b1dca}</UniqueIdentifier>
    </Filter>
    <Filter Include="Header Files\!external\pf\chunks\txtV">
      <UniqueIdentifier>{eb72eabd-b320-40a0-8062-ca8e78875c1f}</UniqueIdentifier>
    </Filter>
    <Filter Include="Source Files\pf\chunks\txtV">
      <UniqueIdentifier>{5645b35e-c65d-4d08-b202-9a2e7b3442b6}</UniqueIdentifier>
    </Filter>
    <Filter Include="Header Files\!external\pf\chunks\txtv_">
      <UniqueIdentifier>{76c9aaef-f3cb-4bf2-8c93-662bea728e7f}</UniqueIdentifier>
    </Filter>
    <Filter Include="Source Files\pf\chunks\txtv_">
      <UniqueIdentifier>{6c8cfe2b-9b21-4bbf-af74-977d9088e9a8}</UniqueIdentifier>
    </Filter>
    <Filter Include="Header Files\!external\pf\chunks\mpsd">
      <UniqueIdentifier>{fbd7b93b-3176-4809-9398-65187920f916}</UniqueIdentifier>
    </Filter>
    <Filter Include="Source Files\pf\chunks\mpsd">
      <UniqueIdentifier>{7e5058f2-ec41-4841-bfac-9c03817a04fb}</UniqueIdentifier>
    </Filter>
    <Filter Include="Header Files\!external\pf\chunks\mMet">
      <UniqueIdentifier>{57586266-a364-46af-a2aa-d31e00ce9fa6}</UniqueIdentifier>
    </Filter>
    <Filter Include="Source Files\pf\chunks\mMet">
      <UniqueIdentifier>{07139149-64ec-4823-819c-7ab2796c19d6}</UniqueIdentifier>
    </Filter>
    <Filter Include="Header Files\!external\pf\chunks\emoc">
      <UniqueIdentifier>{ae650402-85b5-4f88-a2fb-0094d44fe656}</UniqueIdentifier>
    </Filter>
    <Filter Include="Source Files\pf\chunks\emoc">
      <UniqueIdentifier>{6d5d254e-adbd-466f-a741-f61aca91f169}</UniqueIdentifier>
    </Filter>
    <Filter Include="Header Files\!external\pf\chunks\cntc">
      <UniqueIdentifier>{0b749cc5-16d1-4141-b9bb-67f1690d5c60}</UniqueIdentifier>
    </Filter>
    <Filter Include="Source Files\pf\chunks\cntc">
      <UniqueIdentifier>{c4f757df-ba8a-4cb8-8b73-36e886f7d36a}</UniqueIdentifier>
    </Filter>
    <Filter Include="Header Files\!external\pf\chunks\cmaC">
      <UniqueIdentifier>{29bc1641-156a-4017-881b-cb566ae878a2}</UniqueIdentifier>
    </Filter>
    <Filter Include="Source Files\pf\chunks\cmaC">
      <UniqueIdentifier>{76e1ad53-c8b2-441b-a063-2e4727c5015a}</UniqueIdentifier>
    </Filter>
    <Filter Include="Header Files\!external\pf\chunks\AMSP">
      <UniqueIdentifier>{7fc070e4-4242-40a5-97e1-b8a54432ba6a}</UniqueIdentifier>
    </Filter>
    <Filter Include="Source Files\pf\chunks\AMSP">
      <UniqueIdentifier>{25b72085-60cb-454e-95ab-af3a11c43f23}</UniqueIdentifier>
    </Filter>
    <Filter Include="Header Files\!external\pf\chunks\prlt">
      <UniqueIdentifier>{e10f625a-87f9-4f2c-87d3-b0f78e64bd69}</UniqueIdentifier>
    </Filter>
    <Filter Include="Source Files\pf\chunks\mfst">
      <UniqueIdentifier>{017dbd82-cf71-4e4d-81b1-8c4cd055d7b3}</UniqueIdentifier>
    </Filter>
    <Filter Include="Header Files\!external\pf\chunks\cmpc">
      <UniqueIdentifier>{5d3f9dc2-7d25-4567-a9fa-7017a1778bab}</UniqueIdentifier>
    </Filter>
    <Filter Include="Source Files\pf\chunks\cmpc">
      <UniqueIdentifier>{08b581d8-18a0-4919-92d9-567936e94122}</UniqueIdentifier>
    </Filter>
    <Filter Include="Header Files\!external\pf\chunks\anic">
      <UniqueIdentifier>{47e205b3-1d34-4d61-a80d-297ccb9b96c0}</UniqueIdentifier>
    </Filter>
    <Filter Include="Source Files\pf\chunks\anic">
      <UniqueIdentifier>{b0cb5525-811d-407d-b82b-8f149cb82c6c}</UniqueIdentifier>
    </Filter>
    <Filter Include="Header Files\!external\pf\chunks\CINP">
      <UniqueIdentifier>{267d475c-eefd-49c7-a4aa-b4edc8109db5}</UniqueIdentifier>
    </Filter>
    <Filter Include="Source Files\pf\chunks\CINP">
      <UniqueIdentifier>{33c7c255-56cc-4b2b-b7f9-cdba7b31624e}</UniqueIdentifier>
    </Filter>
  </ItemGroup>
  <ItemGroup>
    <ClInclude Include="..\include\gw2formats\base.h">
      <Filter>Header Files\!external</Filter>
    </ClInclude>
    <ClInclude Include="..\include\gw2formats\pf\PackFile.h">
      <Filter>Header Files\!external\pf</Filter>
    </ClInclude>
    <ClInclude Include="..\include\gw2formats\fcc.h">
      <Filter>Header Files\!external</Filter>
    </ClInclude>
    <ClInclude Include="..\include\gw2formats\pf\ChunkFactory.h">
      <Filter>Header Files\!external\pf</Filter>
    </ClInclude>
    <ClInclude Include="..\include\gw2formats\pf\ModelPackFile.h">
      <Filter>Header Files\!external\pf</Filter>
    </ClInclude>
    <ClInclude Include="..\include\gw2formats\pf\MaterialPackFile.h">
      <Filter>Header Files\!external\pf</Filter>
    </ClInclude>
    <ClInclude Include="..\include\gw2formats\pf\helpers\Array.h">
      <Filter>Header Files\!external\pf\helpers</Filter>
    </ClInclude>
    <ClInclude Include="..\include\gw2formats\pf\helpers\read.h">
      <Filter>Header Files\!external\pf\helpers</Filter>
    </ClInclude>
    <ClInclude Include="..\include\gw2formats\pf\helpers\Ptr.h">
      <Filter>Header Files\!external\pf\helpers</Filter>
    </ClInclude>
    <ClInclude Include="..\include\gw2formats\pf\helpers\RefList.h">
      <Filter>Header Files\!external\pf\helpers</Filter>
    </ClInclude>
    <ClInclude Include="..\include\gw2formats\pf\helpers\StringBase.h">
      <Filter>Header Files\!external\pf\helpers</Filter>
    </ClInclude>
    <ClInclude Include="..\include\gw2formats\pf\helpers\String.h">
      <Filter>Header Files\!external\pf\helpers</Filter>
    </ClInclude>
    <ClInclude Include="..\include\gw2formats\pf\helpers\WString.h">
      <Filter>Header Files\!external\pf\helpers</Filter>
    </ClInclude>
    <ClInclude Include="..\include\gw2formats\pf\helpers\Vector.h">
      <Filter>Header Files\!external\pf\helpers</Filter>
    </ClInclude>
    <ClInclude Include="..\include\gw2formats\pf\EulaPackFile.h">
      <Filter>Header Files\!external\pf</Filter>
    </ClInclude>
    <ClInclude Include="..\include\gw2formats\pf\helpers\FileName.h">
      <Filter>Header Files\!external\pf\helpers</Filter>
    </ClInclude>
    <ClInclude Include="..\include\gw2formats\pf\helpers\FileReference.h">
      <Filter>Header Files\!external\pf\helpers</Filter>
    </ClInclude>
    <ClInclude Include="..\include\gw2formats\pf\chunks\AMAT\AmatDx9Material.h">
      <Filter>Header Files\!external\pf\chunks\AMAT</Filter>
    </ClInclude>
    <ClInclude Include="..\include\gw2formats\pf\chunks\AMAT\AmatGr.h">
      <Filter>Header Files\!external\pf\chunks\AMAT</Filter>
    </ClInclude>
    <ClInclude Include="..\include\gw2formats\pf\chunks\eula\PackEula.h">
      <Filter>Header Files\!external\pf\chunks\eula</Filter>
    </ClInclude>
    <ClInclude Include="..\include\gw2formats\pf\chunks\MODL\ModelFileData.h">
      <Filter>Header Files\!external\pf\chunks\MODL</Filter>
    </ClInclude>
    <ClInclude Include="..\include\gw2formats\pf\chunks\MODL\ModelFileGeometry.h">
      <Filter>Header Files\!external\pf\chunks\MODL</Filter>
    </ClInclude>
    <ClInclude Include="..\include\gw2formats\pf\chunks\MODL\common.h">
      <Filter>Header Files\!external\pf\chunks\MODL</Filter>
    </ClInclude>
    <ClInclude Include="..\include\gw2formats\pf\chunks\MODL\ModelFileAnimation.h">
      <Filter>Header Files\!external\pf\chunks\MODL</Filter>
    </ClInclude>
    <ClInclude Include="..\include\gw2formats\pf\chunks\MODL\ModelFileProperties.h">
      <Filter>Header Files\!external\pf\chunks\MODL</Filter>
    </ClInclude>
    <ClInclude Include="..\include\gw2formats\pf\chunks\MODL\ModelFileRootMotion.h">
      <Filter>Header Files\!external\pf\chunks\MODL</Filter>
    </ClInclude>
    <ClInclude Include="..\include\gw2formats\pf\chunks\MODL\ModelFileSkeleton.h">
      <Filter>Header Files\!external\pf\chunks\MODL</Filter>
    </ClInclude>
    <ClInclude Include="..\include\gw2formats\pf\chunks\txtm\TextPackManifest.h">
      <Filter>Header Files\!external\pf\chunks\txtm</Filter>
    </ClInclude>
    <ClInclude Include="..\include\gw2formats\pf\TextManifestPackFile.h">
      <Filter>Header Files\!external\pf</Filter>
    </ClInclude>
    <ClInclude Include="..\include\gw2formats\pf\PagedImagePackFile.h">
      <Filter>Header Files\!external\pf</Filter>
    </ClInclude>
    <ClInclude Include="..\include\gw2formats\pf\chunks\PIMG\PagedImageTableData.h">
      <Filter>Header Files\!external\pf\chunks\PIMG</Filter>
    </ClInclude>
    <ClInclude Include="..\include\gw2formats\pf\AudioPackFile.h">
      <Filter>Header Files\!external\pf</Filter>
    </ClInclude>
    <ClInclude Include="..\include\gw2formats\pf\chunks\ASND\WaveformData.h">
      <Filter>Header Files\!external\pf\chunks\ASND</Filter>
    </ClInclude>
    <ClInclude Include="..\include\gw2formats\pf\BankPackFile.h">
      <Filter>Header Files\!external\pf</Filter>
    </ClInclude>
    <ClInclude Include="..\include\gw2formats\pf\chunks\ABNK\BankFileData.h">
      <Filter>Header Files\!external\pf\chunks\ABNK</Filter>
    </ClInclude>
    <ClInclude Include="..\include\gw2formats\pf\HavokPackFile.h">
      <Filter>Header Files\!external\pf</Filter>
    </ClInclude>
    <ClInclude Include="..\include\gw2formats\pf\chunks\hvkC\PackMapCollide.h">
      <Filter>Header Files\!external\pf\chunks\hvkC</Filter>
    </ClInclude>
    <ClInclude Include="..\include\gw2formats\pf\BankIndexPackFile.h">
      <Filter>Header Files\!external\pf</Filter>
    </ClInclude>
    <ClInclude Include="..\include\gw2formats\pf\chunks\ABIX\BankIndexData.h">
      <Filter>Header Files\!external\pf\chunks\ABIX</Filter>
    </ClInclude>
    <ClInclude Include="..\include\gw2formats\pf\chunks\txtV\TextPackVariants.h">
      <Filter>Header Files\!external\pf\chunks\txtV</Filter>
    </ClInclude>
    <ClInclude Include="..\include\gw2formats\pf\TextVariantPackFile.h">
      <Filter>Header Files\!external\pf</Filter>
    </ClInclude>
    <ClInclude Include="..\include\gw2formats\pf\TextVoicePackFile.h">
      <Filter>Header Files\!external\pf</Filter>
    </ClInclude>
    <ClInclude Include="..\include\gw2formats\pf\chunks\txtv_\TextPackVoices.h">
      <Filter>Header Files\!external\pf\chunks\txtv_</Filter>
    </ClInclude>
    <ClInclude Include="..\include\gw2formats\pf\MapShadowPackFile.h">
      <Filter>Header Files\!external\pf</Filter>
    </ClInclude>
    <ClInclude Include="..\include\gw2formats\pf\chunks\mpsd\PackMapShadow.h">
      <Filter>Header Files\!external\pf\chunks\mpsd</Filter>
    </ClInclude>
    <ClInclude Include="..\include\gw2formats\pf\MapMetadataPackFile.h">
      <Filter>Header Files\!external\pf</Filter>
    </ClInclude>
    <ClInclude Include="..\include\gw2formats\pf\chunks\mMet\PackMapMetadata.h">
      <Filter>Header Files\!external\pf\chunks\mMet</Filter>
    </ClInclude>
    <ClInclude Include="..\include\gw2formats\pf\EmoteAnimPackFile.h">
      <Filter>Header Files\!external\pf</Filter>
    </ClInclude>
    <ClInclude Include="..\include\gw2formats\pf\chunks\emoc\PackEmoteAnimations.h">
      <Filter>Header Files\!external\pf\chunks\emoc</Filter>
    </ClInclude>
    <ClInclude Include="..\include\gw2formats\pf\ContentManifestPackFile.h">
      <Filter>Header Files\!external\pf</Filter>
    </ClInclude>
    <ClInclude Include="..\include\gw2formats\pf\chunks\cntc\PackContent.h">
      <Filter>Header Files\!external\pf\chunks\cntc</Filter>
    </ClInclude>
    <ClInclude Include="..\include\gw2formats\pf\CollideModelManifestPackFile.h">
      <Filter>Header Files\!external\pf</Filter>
    </ClInclude>
    <ClInclude Include="..\include\gw2formats\pf\chunks\cmaC\CollideModelManifest.h">
      <Filter>Header Files\!external\pf\chunks\cmaC</Filter>
    </ClInclude>
    <ClInclude Include="..\include\gw2formats\pf\ScriptPackFile.h">
      <Filter>Header Files\!external\pf</Filter>
    </ClInclude>
    <ClInclude Include="..\include\gw2formats\pf\chunks\AMSP\ScriptFileData.h">
      <Filter>Header Files\!external\pf\chunks\AMSP</Filter>
    </ClInclude>
    <ClInclude Include="..\include\gw2formats\pf\PortalManifestPackFile.h">
      <Filter>Header Files\!external\pf</Filter>
    </ClInclude>
    <ClInclude Include="..\include\gw2formats\pf\chunks\prlt\ContentPortalManifest.h">
      <Filter>Header Files\!external\pf\chunks\prlt</Filter>
    </ClInclude>
    <ClInclude Include="..\include\gw2formats\pf\CompositePackFile.h">
      <Filter>Header Files\!external\pf</Filter>
    </ClInclude>
    <ClInclude Include="..\include\gw2formats\pf\chunks\cmpc\PackComposite.h">
      <Filter>Header Files\!external\pf\chunks\cmpc</Filter>
    </ClInclude>
    <ClInclude Include="..\include\gw2formats\pf\AnimSequencesPackFile.h">
      <Filter>Header Files\!external\pf</Filter>
    </ClInclude>
    <ClInclude Include="..\include\gw2formats\pf\chunks\anic\PackAnimSequences.h">
      <Filter>Header Files\!external\pf\chunks\anic</Filter>
    </ClInclude>
    <ClInclude Include="..\include\gw2formats\pf\ScenePackFile.h">
      <Filter>Header Files\!external\pf</Filter>
    </ClInclude>
    <ClInclude Include="..\include\gw2formats\pf\chunks\CINP\SceneData.h">
      <Filter>Header Files\!external\pf\chunks\CINP</Filter>
    </ClInclude>
  </ItemGroup>
  <ItemGroup>
    <ClCompile Include="..\src\pf\helpers\FileReference.cpp">
      <Filter>Source Files\pf\helpers</Filter>
    </ClCompile>
    <ClCompile Include="..\src\pf\helpers\FileName.cpp">
      <Filter>Source Files\pf\helpers</Filter>
    </ClCompile>
    <ClCompile Include="..\src\pf\chunks\AMAT\AmatDx9Material.cpp">
      <Filter>Source Files\pf\chunks\AMAT</Filter>
    </ClCompile>
    <ClCompile Include="..\src\pf\chunks\AMAT\AmatGr.cpp">
      <Filter>Source Files\pf\chunks\AMAT</Filter>
    </ClCompile>
    <ClCompile Include="..\src\pf\chunks\eula\PackEula.cpp">
      <Filter>Source Files\pf\chunks\eula</Filter>
    </ClCompile>
    <ClCompile Include="..\src\pf\chunks\MODL\ModelFileData.cpp">
      <Filter>Source Files\pf\chunks\MODL</Filter>
    </ClCompile>
    <ClCompile Include="..\src\pf\chunks\MODL\common.cpp">
      <Filter>Source Files\pf\chunks\MODL</Filter>
    </ClCompile>
    <ClCompile Include="..\src\pf\chunks\MODL\ModelFileGeometry.cpp">
      <Filter>Source Files\pf\chunks\MODL</Filter>
    </ClCompile>
    <ClCompile Include="..\src\pf\chunks\MODL\ModelFileAnimation.cpp">
      <Filter>Source Files\pf\chunks\MODL</Filter>
    </ClCompile>
    <ClCompile Include="..\src\pf\chunks\MODL\ModelFileProperties.cpp">
      <Filter>Source Files\pf\chunks\MODL</Filter>
    </ClCompile>
    <ClCompile Include="..\src\pf\chunks\MODL\ModelFileRootMotion.cpp">
      <Filter>Source Files\pf\chunks\MODL</Filter>
    </ClCompile>
    <ClCompile Include="..\src\pf\chunks\MODL\ModelFileSkeleton.cpp">
      <Filter>Source Files\pf\chunks\MODL</Filter>
    </ClCompile>
    <ClCompile Include="..\src\pf\chunks\txtm\TextPackManifest.cpp">
      <Filter>Source Files\pf\chunks\txtm</Filter>
    </ClCompile>
    <ClCompile Include="..\src\pf\chunks\PIMG\PagedImageTableData.cpp">
      <Filter>Source Files\pf\chunks\PIMG</Filter>
    </ClCompile>
    <ClCompile Include="..\src\pf\chunks\ASND\WaveformData.cpp">
      <Filter>Source Files\pf\chunks\ASND</Filter>
    </ClCompile>
    <ClCompile Include="..\src\pf\chunks\ABNK\BankFileData.cpp">
      <Filter>Source Files\pf\chunks\ABNK</Filter>
    </ClCompile>
    <ClCompile Include="..\src\pf\chunks\hvkC\PackMapCollide.cpp">
      <Filter>Source Files\pf\chunks\hvkC</Filter>
    </ClCompile>
    <ClCompile Include="..\src\pf\chunks\ABIX\BankIndexData.cpp">
      <Filter>Source Files\pf\chunks\ABIX</Filter>
    </ClCompile>
    <ClCompile Include="..\src\pf\chunks\txtV\TextPackVariants.cpp">
      <Filter>Source Files\pf\chunks\txtV</Filter>
    </ClCompile>
    <ClCompile Include="..\src\pf\chunks\txtv_\TextPackVoices.cpp">
      <Filter>Source Files\pf\chunks\txtv_</Filter>
    </ClCompile>
    <ClCompile Include="..\src\pf\chunks\mpsd\PackMapShadow.cpp">
      <Filter>Source Files\pf\chunks\mpsd</Filter>
    </ClCompile>
    <ClCompile Include="..\src\pf\chunks\mMet\PackMapMetadata.cpp">
      <Filter>Source Files\pf\chunks\mMet</Filter>
    </ClCompile>
    <ClCompile Include="..\src\pf\chunks\emoc\PackEmoteAnimations.cpp">
      <Filter>Source Files\pf\chunks\emoc</Filter>
    </ClCompile>
    <ClCompile Include="..\src\pf\chunks\cntc\PackContent.cpp">
      <Filter>Source Files\pf\chunks\cntc</Filter>
    </ClCompile>
    <ClCompile Include="..\src\pf\chunks\cmaC\CollideModelManifest.cpp">
      <Filter>Source Files\pf\chunks\cmaC</Filter>
    </ClCompile>
    <ClCompile Include="..\src\pf\chunks\AMSP\ScriptFileData.cpp">
      <Filter>Source Files\pf\chunks\AMSP</Filter>
    </ClCompile>
    <ClCompile Include="..\src\pf\chunks\prlt\ContentPortalManifest.cpp">
      <Filter>Source Files\pf\chunks\mfst</Filter>
    </ClCompile>
    <ClCompile Include="..\src\pf\chunks\cmpc\PackComposite.cpp">
      <Filter>Source Files\pf\chunks\cmpc</Filter>
    </ClCompile>
    <ClCompile Include="..\src\pf\chunks\anic\PackAnimSequences.cpp">
      <Filter>Source Files\pf\chunks\anic</Filter>
    </ClCompile>
    <ClCompile Include="..\src\pf\chunks\CINP\SceneData.cpp">
      <Filter>Source Files\pf\chunks\CINP</Filter>
    </ClCompile>
  </ItemGroup>
</Project>